// !$*UTF8*$!
{
	archiveVersion = 1;
	classes = {
	};
	objectVersion = 56;
	objects = {

/* Begin PBXBuildFile section */
		AE176D9A2B64FB4D00918458 /* Small_SeasonsApp.swift in Sources */ = {isa = PBXBuildFile; fileRef = AE176D992B64FB4D00918458 /* Small_SeasonsApp.swift */; };
		AE176D9C2B64FB4D00918458 /* ContentView.swift in Sources */ = {isa = PBXBuildFile; fileRef = AE176D9B2B64FB4D00918458 /* ContentView.swift */; };
		AE176D9E2B64FB5100918458 /* Assets.xcassets in Resources */ = {isa = PBXBuildFile; fileRef = AE176D9D2B64FB5100918458 /* Assets.xcassets */; };
		AE176DA12B64FB5100918458 /* Preview Assets.xcassets in Resources */ = {isa = PBXBuildFile; fileRef = AE176DA02B64FB5100918458 /* Preview Assets.xcassets */; };
		AE176DAE2B64FB6200918458 /* WidgetKit.framework in Frameworks */ = {isa = PBXBuildFile; fileRef = AE176DAD2B64FB6200918458 /* WidgetKit.framework */; };
		AE176DB02B64FB6200918458 /* SwiftUI.framework in Frameworks */ = {isa = PBXBuildFile; fileRef = AE176DAF2B64FB6200918458 /* SwiftUI.framework */; };
		AE176DB32B64FB6200918458 /* SeasonsWidgetBundle.swift in Sources */ = {isa = PBXBuildFile; fileRef = AE176DB22B64FB6200918458 /* SeasonsWidgetBundle.swift */; };
		AE176DB52B64FB6200918458 /* SeasonsWidgetLiveActivity.swift in Sources */ = {isa = PBXBuildFile; fileRef = AE176DB42B64FB6200918458 /* SeasonsWidgetLiveActivity.swift */; };
		AE176DB72B64FB6200918458 /* SeasonsWidget.swift in Sources */ = {isa = PBXBuildFile; fileRef = AE176DB62B64FB6200918458 /* SeasonsWidget.swift */; };
		AE176DB92B64FB6200918458 /* AppIntent.swift in Sources */ = {isa = PBXBuildFile; fileRef = AE176DB82B64FB6200918458 /* AppIntent.swift */; };
		AE176DBB2B64FB6600918458 /* Assets.xcassets in Resources */ = {isa = PBXBuildFile; fileRef = AE176DBA2B64FB6600918458 /* Assets.xcassets */; };
		AE176DBF2B64FB6700918458 /* SeasonsWidgetExtension.appex in Embed Foundation Extensions */ = {isa = PBXBuildFile; fileRef = AE176DAB2B64FB6200918458 /* SeasonsWidgetExtension.appex */; settings = {ATTRIBUTES = (RemoveHeadersOnCopy, ); }; };
		AE176DC62B65059700918458 /* ContentView.swift in Sources */ = {isa = PBXBuildFile; fileRef = AE176D9B2B64FB4D00918458 /* ContentView.swift */; };
		AE176DC72B65066100918458 /* SeasonsWidget.swift in Sources */ = {isa = PBXBuildFile; fileRef = AE176DB62B64FB6200918458 /* SeasonsWidget.swift */; };
		AE176DCB2B65332F00918458 /* content.json in Resources */ = {isa = PBXBuildFile; fileRef = AE176DC92B65332E00918458 /* content.json */; };
		AE176DCC2B65332F00918458 /* content.json in Resources */ = {isa = PBXBuildFile; fileRef = AE176DC92B65332E00918458 /* content.json */; };
/* End PBXBuildFile section */

/* Begin PBXContainerItemProxy section */
		AE176DBD2B64FB6600918458 /* PBXContainerItemProxy */ = {
			isa = PBXContainerItemProxy;
			containerPortal = AE176D8E2B64FB4D00918458 /* Project object */;
			proxyType = 1;
			remoteGlobalIDString = AE176DAA2B64FB6200918458;
			remoteInfo = SeasonsWidgetExtension;
		};
/* End PBXContainerItemProxy section */

/* Begin PBXCopyFilesBuildPhase section */
		AE176DC32B64FB6700918458 /* Embed Foundation Extensions */ = {
			isa = PBXCopyFilesBuildPhase;
			buildActionMask = 2147483647;
			dstPath = "";
			dstSubfolderSpec = 13;
			files = (
				AE176DBF2B64FB6700918458 /* SeasonsWidgetExtension.appex in Embed Foundation Extensions */,
			);
			name = "Embed Foundation Extensions";
			runOnlyForDeploymentPostprocessing = 0;
		};
/* End PBXCopyFilesBuildPhase section */

/* Begin PBXFileReference section */
		AE176D962B64FB4D00918458 /* Small Seasons.app */ = {isa = PBXFileReference; explicitFileType = wrapper.application; includeInIndex = 0; path = "Small Seasons.app"; sourceTree = BUILT_PRODUCTS_DIR; };
		AE176D992B64FB4D00918458 /* Small_SeasonsApp.swift */ = {isa = PBXFileReference; lastKnownFileType = sourcecode.swift; path = Small_SeasonsApp.swift; sourceTree = "<group>"; };
		AE176D9B2B64FB4D00918458 /* ContentView.swift */ = {isa = PBXFileReference; lastKnownFileType = sourcecode.swift; path = ContentView.swift; sourceTree = "<group>"; };
		AE176D9D2B64FB5100918458 /* Assets.xcassets */ = {isa = PBXFileReference; lastKnownFileType = folder.assetcatalog; path = Assets.xcassets; sourceTree = "<group>"; };
		AE176DA02B64FB5100918458 /* Preview Assets.xcassets */ = {isa = PBXFileReference; lastKnownFileType = folder.assetcatalog; path = "Preview Assets.xcassets"; sourceTree = "<group>"; };
		AE176DAB2B64FB6200918458 /* SeasonsWidgetExtension.appex */ = {isa = PBXFileReference; explicitFileType = "wrapper.app-extension"; includeInIndex = 0; path = SeasonsWidgetExtension.appex; sourceTree = BUILT_PRODUCTS_DIR; };
		AE176DAD2B64FB6200918458 /* WidgetKit.framework */ = {isa = PBXFileReference; lastKnownFileType = wrapper.framework; name = WidgetKit.framework; path = System/Library/Frameworks/WidgetKit.framework; sourceTree = SDKROOT; };
		AE176DAF2B64FB6200918458 /* SwiftUI.framework */ = {isa = PBXFileReference; lastKnownFileType = wrapper.framework; name = SwiftUI.framework; path = System/Library/Frameworks/SwiftUI.framework; sourceTree = SDKROOT; };
		AE176DB22B64FB6200918458 /* SeasonsWidgetBundle.swift */ = {isa = PBXFileReference; lastKnownFileType = sourcecode.swift; path = SeasonsWidgetBundle.swift; sourceTree = "<group>"; };
		AE176DB42B64FB6200918458 /* SeasonsWidgetLiveActivity.swift */ = {isa = PBXFileReference; lastKnownFileType = sourcecode.swift; path = SeasonsWidgetLiveActivity.swift; sourceTree = "<group>"; };
		AE176DB62B64FB6200918458 /* SeasonsWidget.swift */ = {isa = PBXFileReference; lastKnownFileType = sourcecode.swift; path = SeasonsWidget.swift; sourceTree = "<group>"; };
		AE176DB82B64FB6200918458 /* AppIntent.swift */ = {isa = PBXFileReference; lastKnownFileType = sourcecode.swift; path = AppIntent.swift; sourceTree = "<group>"; };
		AE176DBA2B64FB6600918458 /* Assets.xcassets */ = {isa = PBXFileReference; lastKnownFileType = folder.assetcatalog; path = Assets.xcassets; sourceTree = "<group>"; };
		AE176DBC2B64FB6600918458 /* Info.plist */ = {isa = PBXFileReference; lastKnownFileType = text.plist.xml; path = Info.plist; sourceTree = "<group>"; };
		AE176DC92B65332E00918458 /* content.json */ = {isa = PBXFileReference; fileEncoding = 4; lastKnownFileType = text.json; path = content.json; sourceTree = "<group>"; };
/* End PBXFileReference section */

/* Begin PBXFrameworksBuildPhase section */
		AE176D932B64FB4D00918458 /* Frameworks */ = {
			isa = PBXFrameworksBuildPhase;
			buildActionMask = 2147483647;
			files = (
			);
			runOnlyForDeploymentPostprocessing = 0;
		};
		AE176DA82B64FB6200918458 /* Frameworks */ = {
			isa = PBXFrameworksBuildPhase;
			buildActionMask = 2147483647;
			files = (
				AE176DB02B64FB6200918458 /* SwiftUI.framework in Frameworks */,
				AE176DAE2B64FB6200918458 /* WidgetKit.framework in Frameworks */,
			);
			runOnlyForDeploymentPostprocessing = 0;
		};
/* End PBXFrameworksBuildPhase section */

/* Begin PBXGroup section */
		AE176D8D2B64FB4D00918458 = {
			isa = PBXGroup;
			children = (
				AE176DC82B65332E00918458 /* smallseasons */,
				AE176D982B64FB4D00918458 /* Small Seasons */,
				AE176DB12B64FB6200918458 /* SeasonsWidget */,
				AE176DAC2B64FB6200918458 /* Frameworks */,
				AE176D972B64FB4D00918458 /* Products */,
			);
			sourceTree = "<group>";
		};
		AE176D972B64FB4D00918458 /* Products */ = {
			isa = PBXGroup;
			children = (
				AE176D962B64FB4D00918458 /* Small Seasons.app */,
				AE176DAB2B64FB6200918458 /* SeasonsWidgetExtension.appex */,
			);
			name = Products;
			sourceTree = "<group>";
		};
		AE176D982B64FB4D00918458 /* Small Seasons */ = {
			isa = PBXGroup;
			children = (
				AE176D992B64FB4D00918458 /* Small_SeasonsApp.swift */,
				AE176D9B2B64FB4D00918458 /* ContentView.swift */,
				AE176D9D2B64FB5100918458 /* Assets.xcassets */,
				AE176D9F2B64FB5100918458 /* Preview Content */,
			);
			path = "Small Seasons";
			sourceTree = "<group>";
		};
		AE176D9F2B64FB5100918458 /* Preview Content */ = {
			isa = PBXGroup;
			children = (
				AE176DA02B64FB5100918458 /* Preview Assets.xcassets */,
			);
			path = "Preview Content";
			sourceTree = "<group>";
		};
		AE176DAC2B64FB6200918458 /* Frameworks */ = {
			isa = PBXGroup;
			children = (
				AE176DAD2B64FB6200918458 /* WidgetKit.framework */,
				AE176DAF2B64FB6200918458 /* SwiftUI.framework */,
			);
			name = Frameworks;
			sourceTree = "<group>";
		};
		AE176DB12B64FB6200918458 /* SeasonsWidget */ = {
			isa = PBXGroup;
			children = (
				AE176DB22B64FB6200918458 /* SeasonsWidgetBundle.swift */,
				AE176DB42B64FB6200918458 /* SeasonsWidgetLiveActivity.swift */,
				AE176DB62B64FB6200918458 /* SeasonsWidget.swift */,
				AE176DB82B64FB6200918458 /* AppIntent.swift */,
				AE176DBA2B64FB6600918458 /* Assets.xcassets */,
				AE176DBC2B64FB6600918458 /* Info.plist */,
			);
			path = SeasonsWidget;
			sourceTree = "<group>";
		};
		AE176DC82B65332E00918458 /* smallseasons */ = {
			isa = PBXGroup;
			children = (
				AE176DC92B65332E00918458 /* content.json */,
			);
			path = smallseasons;
			sourceTree = "<group>";
		};
/* End PBXGroup section */

/* Begin PBXNativeTarget section */
		AE176D952B64FB4D00918458 /* Small Seasons */ = {
			isa = PBXNativeTarget;
			buildConfigurationList = AE176DA42B64FB5100918458 /* Build configuration list for PBXNativeTarget "Small Seasons" */;
			buildPhases = (
				AE176D922B64FB4D00918458 /* Sources */,
				AE176D932B64FB4D00918458 /* Frameworks */,
				AE176D942B64FB4D00918458 /* Resources */,
				AE176DC32B64FB6700918458 /* Embed Foundation Extensions */,
			);
			buildRules = (
			);
			dependencies = (
				AE176DBE2B64FB6600918458 /* PBXTargetDependency */,
			);
			name = "Small Seasons";
			productName = "Small Seasons";
			productReference = AE176D962B64FB4D00918458 /* Small Seasons.app */;
			productType = "com.apple.product-type.application";
		};
		AE176DAA2B64FB6200918458 /* SeasonsWidgetExtension */ = {
			isa = PBXNativeTarget;
			buildConfigurationList = AE176DC02B64FB6700918458 /* Build configuration list for PBXNativeTarget "SeasonsWidgetExtension" */;
			buildPhases = (
				AE176DA72B64FB6200918458 /* Sources */,
				AE176DA82B64FB6200918458 /* Frameworks */,
				AE176DA92B64FB6200918458 /* Resources */,
			);
			buildRules = (
			);
			dependencies = (
			);
			name = SeasonsWidgetExtension;
			productName = SeasonsWidgetExtension;
			productReference = AE176DAB2B64FB6200918458 /* SeasonsWidgetExtension.appex */;
			productType = "com.apple.product-type.app-extension";
		};
/* End PBXNativeTarget section */

/* Begin PBXProject section */
		AE176D8E2B64FB4D00918458 /* Project object */ = {
			isa = PBXProject;
			attributes = {
				BuildIndependentTargetsInParallel = 1;
				LastSwiftUpdateCheck = 1520;
				LastUpgradeCheck = 1520;
				TargetAttributes = {
					AE176D952B64FB4D00918458 = {
						CreatedOnToolsVersion = 15.2;
					};
					AE176DAA2B64FB6200918458 = {
						CreatedOnToolsVersion = 15.2;
					};
				};
			};
			buildConfigurationList = AE176D912B64FB4D00918458 /* Build configuration list for PBXProject "Small Seasons" */;
			compatibilityVersion = "Xcode 14.0";
			developmentRegion = en;
			hasScannedForEncodings = 0;
			knownRegions = (
				en,
				Base,
			);
			mainGroup = AE176D8D2B64FB4D00918458;
			productRefGroup = AE176D972B64FB4D00918458 /* Products */;
			projectDirPath = "";
			projectRoot = "";
			targets = (
				AE176D952B64FB4D00918458 /* Small Seasons */,
				AE176DAA2B64FB6200918458 /* SeasonsWidgetExtension */,
			);
		};
/* End PBXProject section */

/* Begin PBXResourcesBuildPhase section */
		AE176D942B64FB4D00918458 /* Resources */ = {
			isa = PBXResourcesBuildPhase;
			buildActionMask = 2147483647;
			files = (
				AE176DA12B64FB5100918458 /* Preview Assets.xcassets in Resources */,
				AE176D9E2B64FB5100918458 /* Assets.xcassets in Resources */,
				AE176DCB2B65332F00918458 /* content.json in Resources */,
			);
			runOnlyForDeploymentPostprocessing = 0;
		};
		AE176DA92B64FB6200918458 /* Resources */ = {
			isa = PBXResourcesBuildPhase;
			buildActionMask = 2147483647;
			files = (
				AE176DBB2B64FB6600918458 /* Assets.xcassets in Resources */,
				AE176DCC2B65332F00918458 /* content.json in Resources */,
			);
			runOnlyForDeploymentPostprocessing = 0;
		};
/* End PBXResourcesBuildPhase section */

/* Begin PBXSourcesBuildPhase section */
		AE176D922B64FB4D00918458 /* Sources */ = {
			isa = PBXSourcesBuildPhase;
			buildActionMask = 2147483647;
			files = (
				AE176D9C2B64FB4D00918458 /* ContentView.swift in Sources */,
				AE176D9A2B64FB4D00918458 /* Small_SeasonsApp.swift in Sources */,
				AE176DC72B65066100918458 /* SeasonsWidget.swift in Sources */,
			);
			runOnlyForDeploymentPostprocessing = 0;
		};
		AE176DA72B64FB6200918458 /* Sources */ = {
			isa = PBXSourcesBuildPhase;
			buildActionMask = 2147483647;
			files = (
				AE176DB32B64FB6200918458 /* SeasonsWidgetBundle.swift in Sources */,
				AE176DC62B65059700918458 /* ContentView.swift in Sources */,
				AE176DB92B64FB6200918458 /* AppIntent.swift in Sources */,
				AE176DB52B64FB6200918458 /* SeasonsWidgetLiveActivity.swift in Sources */,
				AE176DB72B64FB6200918458 /* SeasonsWidget.swift in Sources */,
			);
			runOnlyForDeploymentPostprocessing = 0;
		};
/* End PBXSourcesBuildPhase section */

/* Begin PBXTargetDependency section */
		AE176DBE2B64FB6600918458 /* PBXTargetDependency */ = {
			isa = PBXTargetDependency;
			target = AE176DAA2B64FB6200918458 /* SeasonsWidgetExtension */;
			targetProxy = AE176DBD2B64FB6600918458 /* PBXContainerItemProxy */;
		};
/* End PBXTargetDependency section */

/* Begin XCBuildConfiguration section */
		AE176DA22B64FB5100918458 /* Debug */ = {
			isa = XCBuildConfiguration;
			buildSettings = {
				ALWAYS_SEARCH_USER_PATHS = NO;
				ASSETCATALOG_COMPILER_GENERATE_SWIFT_ASSET_SYMBOL_EXTENSIONS = YES;
				CLANG_ANALYZER_NONNULL = YES;
				CLANG_ANALYZER_NUMBER_OBJECT_CONVERSION = YES_AGGRESSIVE;
				CLANG_CXX_LANGUAGE_STANDARD = "gnu++20";
				CLANG_ENABLE_MODULES = YES;
				CLANG_ENABLE_OBJC_ARC = YES;
				CLANG_ENABLE_OBJC_WEAK = YES;
				CLANG_WARN_BLOCK_CAPTURE_AUTORELEASING = YES;
				CLANG_WARN_BOOL_CONVERSION = YES;
				CLANG_WARN_COMMA = YES;
				CLANG_WARN_CONSTANT_CONVERSION = YES;
				CLANG_WARN_DEPRECATED_OBJC_IMPLEMENTATIONS = YES;
				CLANG_WARN_DIRECT_OBJC_ISA_USAGE = YES_ERROR;
				CLANG_WARN_DOCUMENTATION_COMMENTS = YES;
				CLANG_WARN_EMPTY_BODY = YES;
				CLANG_WARN_ENUM_CONVERSION = YES;
				CLANG_WARN_INFINITE_RECURSION = YES;
				CLANG_WARN_INT_CONVERSION = YES;
				CLANG_WARN_NON_LITERAL_NULL_CONVERSION = YES;
				CLANG_WARN_OBJC_IMPLICIT_RETAIN_SELF = YES;
				CLANG_WARN_OBJC_LITERAL_CONVERSION = YES;
				CLANG_WARN_OBJC_ROOT_CLASS = YES_ERROR;
				CLANG_WARN_QUOTED_INCLUDE_IN_FRAMEWORK_HEADER = YES;
				CLANG_WARN_RANGE_LOOP_ANALYSIS = YES;
				CLANG_WARN_STRICT_PROTOTYPES = YES;
				CLANG_WARN_SUSPICIOUS_MOVE = YES;
				CLANG_WARN_UNGUARDED_AVAILABILITY = YES_AGGRESSIVE;
				CLANG_WARN_UNREACHABLE_CODE = YES;
				CLANG_WARN__DUPLICATE_METHOD_MATCH = YES;
				COPY_PHASE_STRIP = NO;
				DEBUG_INFORMATION_FORMAT = dwarf;
				ENABLE_STRICT_OBJC_MSGSEND = YES;
				ENABLE_TESTABILITY = YES;
				ENABLE_USER_SCRIPT_SANDBOXING = YES;
				GCC_C_LANGUAGE_STANDARD = gnu17;
				GCC_DYNAMIC_NO_PIC = NO;
				GCC_NO_COMMON_BLOCKS = YES;
				GCC_OPTIMIZATION_LEVEL = 0;
				GCC_PREPROCESSOR_DEFINITIONS = (
					"DEBUG=1",
					"$(inherited)",
				);
				GCC_WARN_64_TO_32_BIT_CONVERSION = YES;
				GCC_WARN_ABOUT_RETURN_TYPE = YES_ERROR;
				GCC_WARN_UNDECLARED_SELECTOR = YES;
				GCC_WARN_UNINITIALIZED_AUTOS = YES_AGGRESSIVE;
				GCC_WARN_UNUSED_FUNCTION = YES;
				GCC_WARN_UNUSED_VARIABLE = YES;
				IPHONEOS_DEPLOYMENT_TARGET = 17.2;
				LOCALIZATION_PREFERS_STRING_CATALOGS = YES;
				MTL_ENABLE_DEBUG_INFO = INCLUDE_SOURCE;
				MTL_FAST_MATH = YES;
				ONLY_ACTIVE_ARCH = YES;
				SDKROOT = iphoneos;
				SWIFT_ACTIVE_COMPILATION_CONDITIONS = "DEBUG $(inherited)";
				SWIFT_OPTIMIZATION_LEVEL = "-Onone";
			};
			name = Debug;
		};
		AE176DA32B64FB5100918458 /* Release */ = {
			isa = XCBuildConfiguration;
			buildSettings = {
				ALWAYS_SEARCH_USER_PATHS = NO;
				ASSETCATALOG_COMPILER_GENERATE_SWIFT_ASSET_SYMBOL_EXTENSIONS = YES;
				CLANG_ANALYZER_NONNULL = YES;
				CLANG_ANALYZER_NUMBER_OBJECT_CONVERSION = YES_AGGRESSIVE;
				CLANG_CXX_LANGUAGE_STANDARD = "gnu++20";
				CLANG_ENABLE_MODULES = YES;
				CLANG_ENABLE_OBJC_ARC = YES;
				CLANG_ENABLE_OBJC_WEAK = YES;
				CLANG_WARN_BLOCK_CAPTURE_AUTORELEASING = YES;
				CLANG_WARN_BOOL_CONVERSION = YES;
				CLANG_WARN_COMMA = YES;
				CLANG_WARN_CONSTANT_CONVERSION = YES;
				CLANG_WARN_DEPRECATED_OBJC_IMPLEMENTATIONS = YES;
				CLANG_WARN_DIRECT_OBJC_ISA_USAGE = YES_ERROR;
				CLANG_WARN_DOCUMENTATION_COMMENTS = YES;
				CLANG_WARN_EMPTY_BODY = YES;
				CLANG_WARN_ENUM_CONVERSION = YES;
				CLANG_WARN_INFINITE_RECURSION = YES;
				CLANG_WARN_INT_CONVERSION = YES;
				CLANG_WARN_NON_LITERAL_NULL_CONVERSION = YES;
				CLANG_WARN_OBJC_IMPLICIT_RETAIN_SELF = YES;
				CLANG_WARN_OBJC_LITERAL_CONVERSION = YES;
				CLANG_WARN_OBJC_ROOT_CLASS = YES_ERROR;
				CLANG_WARN_QUOTED_INCLUDE_IN_FRAMEWORK_HEADER = YES;
				CLANG_WARN_RANGE_LOOP_ANALYSIS = YES;
				CLANG_WARN_STRICT_PROTOTYPES = YES;
				CLANG_WARN_SUSPICIOUS_MOVE = YES;
				CLANG_WARN_UNGUARDED_AVAILABILITY = YES_AGGRESSIVE;
				CLANG_WARN_UNREACHABLE_CODE = YES;
				CLANG_WARN__DUPLICATE_METHOD_MATCH = YES;
				COPY_PHASE_STRIP = NO;
				DEBUG_INFORMATION_FORMAT = "dwarf-with-dsym";
				ENABLE_NS_ASSERTIONS = NO;
				ENABLE_STRICT_OBJC_MSGSEND = YES;
				ENABLE_USER_SCRIPT_SANDBOXING = YES;
				GCC_C_LANGUAGE_STANDARD = gnu17;
				GCC_NO_COMMON_BLOCKS = YES;
				GCC_WARN_64_TO_32_BIT_CONVERSION = YES;
				GCC_WARN_ABOUT_RETURN_TYPE = YES_ERROR;
				GCC_WARN_UNDECLARED_SELECTOR = YES;
				GCC_WARN_UNINITIALIZED_AUTOS = YES_AGGRESSIVE;
				GCC_WARN_UNUSED_FUNCTION = YES;
				GCC_WARN_UNUSED_VARIABLE = YES;
				IPHONEOS_DEPLOYMENT_TARGET = 17.2;
				LOCALIZATION_PREFERS_STRING_CATALOGS = YES;
				MTL_ENABLE_DEBUG_INFO = NO;
				MTL_FAST_MATH = YES;
				SDKROOT = iphoneos;
				SWIFT_COMPILATION_MODE = wholemodule;
				VALIDATE_PRODUCT = YES;
			};
			name = Release;
		};
		AE176DA52B64FB5100918458 /* Debug */ = {
			isa = XCBuildConfiguration;
			buildSettings = {
				ALWAYS_EMBED_SWIFT_STANDARD_LIBRARIES = YES;
				ASSETCATALOG_COMPILER_APPICON_NAME = AppIcon;
				ASSETCATALOG_COMPILER_GLOBAL_ACCENT_COLOR_NAME = AccentColor;
				ASSETCATALOG_COMPILER_INCLUDE_ALL_APPICON_ASSETS = YES;
				CODE_SIGN_STYLE = Automatic;
				CURRENT_PROJECT_VERSION = 1;
				DEVELOPMENT_ASSET_PATHS = "\"Small Seasons/Preview Content\"";
				DEVELOPMENT_TEAM = 54PHU582RT;
				ENABLE_PREVIEWS = YES;
				GENERATE_INFOPLIST_FILE = YES;
				INFOPLIST_KEY_LSApplicationCategoryType = "public.app-category.lifestyle";
				INFOPLIST_KEY_UIApplicationSceneManifest_Generation = YES;
				INFOPLIST_KEY_UIApplicationSupportsIndirectInputEvents = YES;
				INFOPLIST_KEY_UILaunchScreen_Generation = YES;
				INFOPLIST_KEY_UISupportedInterfaceOrientations = UIInterfaceOrientationPortrait;
				IPHONEOS_DEPLOYMENT_TARGET = 17.0;
				LD_RUNPATH_SEARCH_PATHS = (
					"$(inherited)",
					"@executable_path/Frameworks",
				);
				MARKETING_VERSION = 1.0;
				PRODUCT_BUNDLE_IDENTIFIER = "com.suttree.Small-Seasons";
				PRODUCT_NAME = "$(TARGET_NAME)";
				SUPPORTED_PLATFORMS = "iphoneos iphonesimulator";
				SUPPORTS_MACCATALYST = NO;
				SUPPORTS_MAC_DESIGNED_FOR_IPHONE_IPAD = NO;
				SUPPORTS_XR_DESIGNED_FOR_IPHONE_IPAD = NO;
				SWIFT_EMIT_LOC_STRINGS = YES;
				SWIFT_VERSION = 5.0;
				TARGETED_DEVICE_FAMILY = 1;
			};
			name = Debug;
		};
		AE176DA62B64FB5100918458 /* Release */ = {
			isa = XCBuildConfiguration;
			buildSettings = {
				ALWAYS_EMBED_SWIFT_STANDARD_LIBRARIES = YES;
				ASSETCATALOG_COMPILER_APPICON_NAME = AppIcon;
				ASSETCATALOG_COMPILER_GLOBAL_ACCENT_COLOR_NAME = AccentColor;
				ASSETCATALOG_COMPILER_INCLUDE_ALL_APPICON_ASSETS = YES;
				CODE_SIGN_STYLE = Automatic;
				CURRENT_PROJECT_VERSION = 1;
				DEVELOPMENT_ASSET_PATHS = "\"Small Seasons/Preview Content\"";
				DEVELOPMENT_TEAM = 54PHU582RT;
				ENABLE_PREVIEWS = YES;
				GENERATE_INFOPLIST_FILE = YES;
				INFOPLIST_KEY_LSApplicationCategoryType = "public.app-category.lifestyle";
				INFOPLIST_KEY_UIApplicationSceneManifest_Generation = YES;
				INFOPLIST_KEY_UIApplicationSupportsIndirectInputEvents = YES;
				INFOPLIST_KEY_UILaunchScreen_Generation = YES;
				INFOPLIST_KEY_UISupportedInterfaceOrientations = UIInterfaceOrientationPortrait;
				IPHONEOS_DEPLOYMENT_TARGET = 17.0;
				LD_RUNPATH_SEARCH_PATHS = (
					"$(inherited)",
					"@executable_path/Frameworks",
				);
				MARKETING_VERSION = 1.0;
				PRODUCT_BUNDLE_IDENTIFIER = "com.suttree.Small-Seasons";
				PRODUCT_NAME = "$(TARGET_NAME)";
				SUPPORTED_PLATFORMS = "iphoneos iphonesimulator";
				SUPPORTS_MACCATALYST = NO;
				SUPPORTS_MAC_DESIGNED_FOR_IPHONE_IPAD = NO;
				SUPPORTS_XR_DESIGNED_FOR_IPHONE_IPAD = NO;
				SWIFT_EMIT_LOC_STRINGS = YES;
				SWIFT_VERSION = 5.0;
				TARGETED_DEVICE_FAMILY = 1;
			};
			name = Release;
		};
		AE176DC12B64FB6700918458 /* Debug */ = {
			isa = XCBuildConfiguration;
			buildSettings = {
				ASSETCATALOG_COMPILER_GLOBAL_ACCENT_COLOR_NAME = AccentColor;
				ASSETCATALOG_COMPILER_WIDGET_BACKGROUND_COLOR_NAME = WidgetBackground;
				CODE_SIGN_STYLE = Automatic;
				CURRENT_PROJECT_VERSION = 1;
				DEVELOPMENT_TEAM = 54PHU582RT;
				GENERATE_INFOPLIST_FILE = YES;
				INFOPLIST_FILE = SeasonsWidget/Info.plist;
				INFOPLIST_KEY_CFBundleDisplayName = SeasonsWidget;
				INFOPLIST_KEY_NSHumanReadableCopyright = "";
				LD_RUNPATH_SEARCH_PATHS = (
					"$(inherited)",
					"@executable_path/Frameworks",
					"@executable_path/../../Frameworks",
				);
				MARKETING_VERSION = 1.0;
				PRODUCT_BUNDLE_IDENTIFIER = "com.suttree.Small-Seasons.SeasonsWidget";
				PRODUCT_NAME = "$(TARGET_NAME)";
				SKIP_INSTALL = YES;
				SWIFT_EMIT_LOC_STRINGS = YES;
				SWIFT_VERSION = 5.0;
				TARGETED_DEVICE_FAMILY = "1,2";
			};
			name = Debug;
		};
		AE176DC22B64FB6700918458 /* Release */ = {
			isa = XCBuildConfiguration;
			buildSettings = {
				ASSETCATALOG_COMPILER_GLOBAL_ACCENT_COLOR_NAME = AccentColor;
				ASSETCATALOG_COMPILER_WIDGET_BACKGROUND_COLOR_NAME = WidgetBackground;
				CODE_SIGN_STYLE = Automatic;
				CURRENT_PROJECT_VERSION = 1;
				DEVELOPMENT_TEAM = 54PHU582RT;
				GENERATE_INFOPLIST_FILE = YES;
				INFOPLIST_FILE = SeasonsWidget/Info.plist;
				INFOPLIST_KEY_CFBundleDisplayName = SeasonsWidget;
				INFOPLIST_KEY_NSHumanReadableCopyright = "";
				LD_RUNPATH_SEARCH_PATHS = (
					"$(inherited)",
					"@executable_path/Frameworks",
					"@executable_path/../../Frameworks",
				);
				MARKETING_VERSION = 1.0;
				PRODUCT_BUNDLE_IDENTIFIER = "com.suttree.Small-Seasons.SeasonsWidget";
				PRODUCT_NAME = "$(TARGET_NAME)";
				SKIP_INSTALL = YES;
				SWIFT_EMIT_LOC_STRINGS = YES;
				SWIFT_VERSION = 5.0;
				TARGETED_DEVICE_FAMILY = "1,2";
			};
			name = Release;
		};
/* End XCBuildConfiguration section */

/* Begin XCConfigurationList section */
		AE176D912B64FB4D00918458 /* Build configuration list for PBXProject "Small Seasons" */ = {
			isa = XCConfigurationList;
			buildConfigurations = (
				AE176DA22B64FB5100918458 /* Debug */,
				AE176DA32B64FB5100918458 /* Release */,
			);
			defaultConfigurationIsVisible = 0;
			defaultConfigurationName = Release;
		};
		AE176DA42B64FB5100918458 /* Build configuration list for PBXNativeTarget "Small Seasons" */ = {
			isa = XCConfigurationList;
			buildConfigurations = (
				AE176DA52B64FB5100918458 /* Debug */,
				AE176DA62B64FB5100918458 /* Release */,
			);
			defaultConfigurationIsVisible = 0;
			defaultConfigurationName = Release;
		};
		AE176DC02B64FB6700918458 /* Build configuration list for PBXNativeTarget "SeasonsWidgetExtension" */ = {
			isa = XCConfigurationList;
			buildConfigurations = (
				AE176DC12B64FB6700918458 /* Debug */,
				AE176DC22B64FB6700918458 /* Release */,
			);
			defaultConfigurationIsVisible = 0;
			defaultConfigurationName = Release;
		};
/* End XCConfigurationList section */
	};
	rootObject = AE176D8E2B64FB4D00918458 /* Project object */;
}
